// !$*UTF8*$!
{
	archiveVersion = 1;
	classes = {
	};
	objectVersion = 56;
	objects = {

/* Begin PBXBuildFile section */
		618D07EC2919AE7300415602 /* AppDelegate.swift in Sources */ = {isa = PBXBuildFile; fileRef = 618D07EB2919AE7300415602 /* AppDelegate.swift */; };
		618D07EE2919AE7300415602 /* SceneDelegate.swift in Sources */ = {isa = PBXBuildFile; fileRef = 618D07ED2919AE7300415602 /* SceneDelegate.swift */; };
		618D07F52919AE7600415602 /* Assets.xcassets in Resources */ = {isa = PBXBuildFile; fileRef = 618D07F42919AE7600415602 /* Assets.xcassets */; };
		618D07F82919AE7600415602 /* LaunchScreen.storyboard in Resources */ = {isa = PBXBuildFile; fileRef = 618D07F62919AE7600415602 /* LaunchScreen.storyboard */; };
		618D08102919AED500415602 /* NetworkManager.swift in Sources */ = {isa = PBXBuildFile; fileRef = 618D08002919AED300415602 /* NetworkManager.swift */; };
		618D08112919AED500415602 /* UIImage + extension.swift in Sources */ = {isa = PBXBuildFile; fileRef = 618D08022919AED400415602 /* UIImage + extension.swift */; };
		618D08122919AED500415602 /* Double + extension.swift in Sources */ = {isa = PBXBuildFile; fileRef = 618D08032919AED400415602 /* Double + extension.swift */; };
		618D08132919AED500415602 /* HotelDetailViewController.swift in Sources */ = {isa = PBXBuildFile; fileRef = 618D08062919AED400415602 /* HotelDetailViewController.swift */; };
		618D08142919AED500415602 /* HotelDetailViewModel.swift in Sources */ = {isa = PBXBuildFile; fileRef = 618D08072919AED400415602 /* HotelDetailViewModel.swift */; };
		618D08152919AED500415602 /* HotelListViewModel.swift in Sources */ = {isa = PBXBuildFile; fileRef = 618D08092919AED400415602 /* HotelListViewModel.swift */; };
		618D08162919AED500415602 /* HotelListViewController.swift in Sources */ = {isa = PBXBuildFile; fileRef = 618D080A2919AED400415602 /* HotelListViewController.swift */; };
		618D08172919AED500415602 /* AnnotationModel.swift in Sources */ = {isa = PBXBuildFile; fileRef = 618D080C2919AED400415602 /* AnnotationModel.swift */; };
		618D08182919AED500415602 /* HotelModel.swift in Sources */ = {isa = PBXBuildFile; fileRef = 618D080D2919AED400415602 /* HotelModel.swift */; };
		618D08192919AED500415602 /* HotelCell.swift in Sources */ = {isa = PBXBuildFile; fileRef = 618D080F2919AED400415602 /* HotelCell.swift */; };
		71A11296837E219A1EF947B0 /* Pods_mvvm_kit.framework in Frameworks */ = {isa = PBXBuildFile; fileRef = DE6E1DAC7AB7A73DB54240C5 /* Pods_mvvm_kit.framework */; };
/* End PBXBuildFile section */

/* Begin PBXFileReference section */
		618D07E82919AE7300415602 /* mvvm-kit.app */ = {isa = PBXFileReference; explicitFileType = wrapper.application; includeInIndex = 0; path = "mvvm-kit.app"; sourceTree = BUILT_PRODUCTS_DIR; };
		618D07EB2919AE7300415602 /* AppDelegate.swift */ = {isa = PBXFileReference; lastKnownFileType = sourcecode.swift; path = AppDelegate.swift; sourceTree = "<group>"; };
		618D07ED2919AE7300415602 /* SceneDelegate.swift */ = {isa = PBXFileReference; lastKnownFileType = sourcecode.swift; path = SceneDelegate.swift; sourceTree = "<group>"; };
		618D07F42919AE7600415602 /* Assets.xcassets */ = {isa = PBXFileReference; lastKnownFileType = folder.assetcatalog; path = Assets.xcassets; sourceTree = "<group>"; };
		618D07F72919AE7600415602 /* Base */ = {isa = PBXFileReference; lastKnownFileType = file.storyboard; name = Base; path = Base.lproj/LaunchScreen.storyboard; sourceTree = "<group>"; };
		618D07F92919AE7600415602 /* Info.plist */ = {isa = PBXFileReference; lastKnownFileType = text.plist.xml; path = Info.plist; sourceTree = "<group>"; };
		618D08002919AED300415602 /* NetworkManager.swift */ = {isa = PBXFileReference; fileEncoding = 4; lastKnownFileType = sourcecode.swift; path = NetworkManager.swift; sourceTree = "<group>"; };
		618D08022919AED400415602 /* UIImage + extension.swift */ = {isa = PBXFileReference; fileEncoding = 4; lastKnownFileType = sourcecode.swift; path = "UIImage + extension.swift"; sourceTree = "<group>"; };
		618D08032919AED400415602 /* Double + extension.swift */ = {isa = PBXFileReference; fileEncoding = 4; lastKnownFileType = sourcecode.swift; path = "Double + extension.swift"; sourceTree = "<group>"; };
		618D08062919AED400415602 /* HotelDetailViewController.swift */ = {isa = PBXFileReference; fileEncoding = 4; lastKnownFileType = sourcecode.swift; path = HotelDetailViewController.swift; sourceTree = "<group>"; };
		618D08072919AED400415602 /* HotelDetailViewModel.swift */ = {isa = PBXFileReference; fileEncoding = 4; lastKnownFileType = sourcecode.swift; path = HotelDetailViewModel.swift; sourceTree = "<group>"; };
		618D08092919AED400415602 /* HotelListViewModel.swift */ = {isa = PBXFileReference; fileEncoding = 4; lastKnownFileType = sourcecode.swift; path = HotelListViewModel.swift; sourceTree = "<group>"; };
		618D080A2919AED400415602 /* HotelListViewController.swift */ = {isa = PBXFileReference; fileEncoding = 4; lastKnownFileType = sourcecode.swift; path = HotelListViewController.swift; sourceTree = "<group>"; };
		618D080C2919AED400415602 /* AnnotationModel.swift */ = {isa = PBXFileReference; fileEncoding = 4; lastKnownFileType = sourcecode.swift; path = AnnotationModel.swift; sourceTree = "<group>"; };
		618D080D2919AED400415602 /* HotelModel.swift */ = {isa = PBXFileReference; fileEncoding = 4; lastKnownFileType = sourcecode.swift; path = HotelModel.swift; sourceTree = "<group>"; };
		618D080F2919AED400415602 /* HotelCell.swift */ = {isa = PBXFileReference; fileEncoding = 4; lastKnownFileType = sourcecode.swift; path = HotelCell.swift; sourceTree = "<group>"; };
		AEDDAEA9E77A4F2065E0574B /* Pods-mvvm-kit.debug.xcconfig */ = {isa = PBXFileReference; includeInIndex = 1; lastKnownFileType = text.xcconfig; name = "Pods-mvvm-kit.debug.xcconfig"; path = "Target Support Files/Pods-mvvm-kit/Pods-mvvm-kit.debug.xcconfig"; sourceTree = "<group>"; };
		DA9D01C58170C5E7D06BEE45 /* Pods-mvvm-kit.release.xcconfig */ = {isa = PBXFileReference; includeInIndex = 1; lastKnownFileType = text.xcconfig; name = "Pods-mvvm-kit.release.xcconfig"; path = "Target Support Files/Pods-mvvm-kit/Pods-mvvm-kit.release.xcconfig"; sourceTree = "<group>"; };
		DE6E1DAC7AB7A73DB54240C5 /* Pods_mvvm_kit.framework */ = {isa = PBXFileReference; explicitFileType = wrapper.framework; includeInIndex = 0; path = Pods_mvvm_kit.framework; sourceTree = BUILT_PRODUCTS_DIR; };
/* End PBXFileReference section */

/* Begin PBXFrameworksBuildPhase section */
		618D07E52919AE7300415602 /* Frameworks */ = {
			isa = PBXFrameworksBuildPhase;
			buildActionMask = 2147483647;
			files = (
				71A11296837E219A1EF947B0 /* Pods_mvvm_kit.framework in Frameworks */,
			);
			runOnlyForDeploymentPostprocessing = 0;
		};
/* End PBXFrameworksBuildPhase section */

/* Begin PBXGroup section */
		168225E0C2839102BD7FBF0A /* Pods */ = {
			isa = PBXGroup;
			children = (
				AEDDAEA9E77A4F2065E0574B /* Pods-mvvm-kit.debug.xcconfig */,
				DA9D01C58170C5E7D06BEE45 /* Pods-mvvm-kit.release.xcconfig */,
			);
			path = Pods;
			sourceTree = "<group>";
		};
		618D07DF2919AE7300415602 = {
			isa = PBXGroup;
			children = (
				618D07EA2919AE7300415602 /* mvvm-kit */,
				618D07E92919AE7300415602 /* Products */,
				168225E0C2839102BD7FBF0A /* Pods */,
				CD6EE5D1E65A74BAE72FB4C2 /* Frameworks */,
			);
			sourceTree = "<group>";
		};
		618D07E92919AE7300415602 /* Products */ = {
			isa = PBXGroup;
			children = (
				618D07E82919AE7300415602 /* mvvm-kit.app */,
			);
			name = Products;
			sourceTree = "<group>";
		};
		618D07EA2919AE7300415602 /* mvvm-kit */ = {
			isa = PBXGroup;
			children = (
				618D07EB2919AE7300415602 /* AppDelegate.swift */,
				618D07ED2919AE7300415602 /* SceneDelegate.swift */,
				618D08042919AED400415602 /* VVMs */,
				618D080E2919AED400415602 /* Cells */,
				618D08012919AED400415602 /* Extensions */,
				618D080B2919AED400415602 /* Models */,
				618D07FF2919AED300415602 /* Managers */,
				618D07F42919AE7600415602 /* Assets.xcassets */,
				618D07F62919AE7600415602 /* LaunchScreen.storyboard */,
				618D07F92919AE7600415602 /* Info.plist */,
			);
			path = "mvvm-kit";
			sourceTree = "<group>";
		};
		618D07FF2919AED300415602 /* Managers */ = {
			isa = PBXGroup;
			children = (
				618D08002919AED300415602 /* NetworkManager.swift */,
			);
			path = Managers;
			sourceTree = "<group>";
		};
		618D08012919AED400415602 /* Extensions */ = {
			isa = PBXGroup;
			children = (
				618D08022919AED400415602 /* UIImage + extension.swift */,
				618D08032919AED400415602 /* Double + extension.swift */,
			);
			path = Extensions;
			sourceTree = "<group>";
		};
		618D08042919AED400415602 /* VVMs */ = {
			isa = PBXGroup;
			children = (
				618D08052919AED400415602 /* HotelDetail */,
				618D08082919AED400415602 /* HotelList */,
			);
			path = VVMs;
			sourceTree = "<group>";
		};
		618D08052919AED400415602 /* HotelDetail */ = {
			isa = PBXGroup;
			children = (
				618D08062919AED400415602 /* HotelDetailViewController.swift */,
				618D08072919AED400415602 /* HotelDetailViewModel.swift */,
			);
			path = HotelDetail;
			sourceTree = "<group>";
		};
		618D08082919AED400415602 /* HotelList */ = {
			isa = PBXGroup;
			children = (
				618D08092919AED400415602 /* HotelListViewModel.swift */,
				618D080A2919AED400415602 /* HotelListViewController.swift */,
			);
			path = HotelList;
			sourceTree = "<group>";
		};
		618D080B2919AED400415602 /* Models */ = {
			isa = PBXGroup;
			children = (
				618D080C2919AED400415602 /* AnnotationModel.swift */,
				618D080D2919AED400415602 /* HotelModel.swift */,
			);
			path = Models;
			sourceTree = "<group>";
		};
		618D080E2919AED400415602 /* Cells */ = {
			isa = PBXGroup;
			children = (
				618D080F2919AED400415602 /* HotelCell.swift */,
			);
			path = Cells;
			sourceTree = "<group>";
		};
		CD6EE5D1E65A74BAE72FB4C2 /* Frameworks */ = {
			isa = PBXGroup;
			children = (
				DE6E1DAC7AB7A73DB54240C5 /* Pods_mvvm_kit.framework */,
			);
			name = Frameworks;
			sourceTree = "<group>";
		};
/* End PBXGroup section */

/* Begin PBXNativeTarget section */
		618D07E72919AE7300415602 /* mvvm-kit */ = {
			isa = PBXNativeTarget;
			buildConfigurationList = 618D07FC2919AE7600415602 /* Build configuration list for PBXNativeTarget "mvvm-kit" */;
			buildPhases = (
				2B8C9204E4C46E978CA8A6BD /* [CP] Check Pods Manifest.lock */,
				618D07E42919AE7300415602 /* Sources */,
				618D07E52919AE7300415602 /* Frameworks */,
				618D07E62919AE7300415602 /* Resources */,
				F64C8BD13986FCCAD17439C5 /* [CP] Embed Pods Frameworks */,
			);
			buildRules = (
			);
			dependencies = (
			);
			name = "mvvm-kit";
			productName = "mvvm-kit";
			productReference = 618D07E82919AE7300415602 /* mvvm-kit.app */;
			productType = "com.apple.product-type.application";
		};
/* End PBXNativeTarget section */

/* Begin PBXProject section */
		618D07E02919AE7300415602 /* Project object */ = {
			isa = PBXProject;
			attributes = {
				BuildIndependentTargetsInParallel = 1;
				LastSwiftUpdateCheck = 1400;
				LastUpgradeCheck = 1400;
				TargetAttributes = {
					618D07E72919AE7300415602 = {
						CreatedOnToolsVersion = 14.0.1;
					};
				};
			};
			buildConfigurationList = 618D07E32919AE7300415602 /* Build configuration list for PBXProject "mvvm-kit" */;
			compatibilityVersion = "Xcode 14.0";
			developmentRegion = en;
			hasScannedForEncodings = 0;
			knownRegions = (
				en,
				Base,
			);
			mainGroup = 618D07DF2919AE7300415602;
			productRefGroup = 618D07E92919AE7300415602 /* Products */;
			projectDirPath = "";
			projectRoot = "";
			targets = (
				618D07E72919AE7300415602 /* mvvm-kit */,
			);
		};
/* End PBXProject section */

/* Begin PBXResourcesBuildPhase section */
		618D07E62919AE7300415602 /* Resources */ = {
			isa = PBXResourcesBuildPhase;
			buildActionMask = 2147483647;
			files = (
				618D07F82919AE7600415602 /* LaunchScreen.storyboard in Resources */,
				618D07F52919AE7600415602 /* Assets.xcassets in Resources */,
			);
			runOnlyForDeploymentPostprocessing = 0;
		};
/* End PBXResourcesBuildPhase section */

/* Begin PBXShellScriptBuildPhase section */
		2B8C9204E4C46E978CA8A6BD /* [CP] Check Pods Manifest.lock */ = {
			isa = PBXShellScriptBuildPhase;
			buildActionMask = 2147483647;
			files = (
			);
			inputFileListPaths = (
			);
			inputPaths = (
				"${PODS_PODFILE_DIR_PATH}/Podfile.lock",
				"${PODS_ROOT}/Manifest.lock",
			);
			name = "[CP] Check Pods Manifest.lock";
			outputFileListPaths = (
			);
			outputPaths = (
				"$(DERIVED_FILE_DIR)/Pods-mvvm-kit-checkManifestLockResult.txt",
			);
			runOnlyForDeploymentPostprocessing = 0;
			shellPath = /bin/sh;
			shellScript = "diff \"${PODS_PODFILE_DIR_PATH}/Podfile.lock\" \"${PODS_ROOT}/Manifest.lock\" > /dev/null\nif [ $? != 0 ] ; then\n    # print error to STDERR\n    echo \"error: The sandbox is not in sync with the Podfile.lock. Run 'pod install' or update your CocoaPods installation.\" >&2\n    exit 1\nfi\n# This output is used by Xcode 'outputs' to avoid re-running this script phase.\necho \"SUCCESS\" > \"${SCRIPT_OUTPUT_FILE_0}\"\n";
			showEnvVarsInLog = 0;
		};
		F64C8BD13986FCCAD17439C5 /* [CP] Embed Pods Frameworks */ = {
			isa = PBXShellScriptBuildPhase;
			buildActionMask = 2147483647;
			files = (
			);
			inputFileListPaths = (
				"${PODS_ROOT}/Target Support Files/Pods-mvvm-kit/Pods-mvvm-kit-frameworks-${CONFIGURATION}-input-files.xcfilelist",
			);
			name = "[CP] Embed Pods Frameworks";
			outputFileListPaths = (
				"${PODS_ROOT}/Target Support Files/Pods-mvvm-kit/Pods-mvvm-kit-frameworks-${CONFIGURATION}-output-files.xcfilelist",
			);
			runOnlyForDeploymentPostprocessing = 0;
			shellPath = /bin/sh;
			shellScript = "\"${PODS_ROOT}/Target Support Files/Pods-mvvm-kit/Pods-mvvm-kit-frameworks.sh\"\n";
			showEnvVarsInLog = 0;
		};
/* End PBXShellScriptBuildPhase section */

/* Begin PBXSourcesBuildPhase section */
		618D07E42919AE7300415602 /* Sources */ = {
			isa = PBXSourcesBuildPhase;
			buildActionMask = 2147483647;
			files = (
				618D08162919AED500415602 /* HotelListViewController.swift in Sources */,
				618D08182919AED500415602 /* HotelModel.swift in Sources */,
				618D08132919AED500415602 /* HotelDetailViewController.swift in Sources */,
				618D08102919AED500415602 /* NetworkManager.swift in Sources */,
				618D08122919AED500415602 /* Double + extension.swift in Sources */,
				618D08172919AED500415602 /* AnnotationModel.swift in Sources */,
				618D08192919AED500415602 /* HotelCell.swift in Sources */,
				618D08142919AED500415602 /* HotelDetailViewModel.swift in Sources */,
				618D08112919AED500415602 /* UIImage + extension.swift in Sources */,
				618D07EC2919AE7300415602 /* AppDelegate.swift in Sources */,
				618D07EE2919AE7300415602 /* SceneDelegate.swift in Sources */,
				618D08152919AED500415602 /* HotelListViewModel.swift in Sources */,
			);
			runOnlyForDeploymentPostprocessing = 0;
		};
/* End PBXSourcesBuildPhase section */

/* Begin PBXVariantGroup section */
		618D07F62919AE7600415602 /* LaunchScreen.storyboard */ = {
			isa = PBXVariantGroup;
			children = (
				618D07F72919AE7600415602 /* Base */,
			);
			name = LaunchScreen.storyboard;
			sourceTree = "<group>";
		};
/* End PBXVariantGroup section */

/* Begin XCBuildConfiguration section */
		618D07FA2919AE7600415602 /* Debug */ = {
			isa = XCBuildConfiguration;
			buildSettings = {
				ALWAYS_SEARCH_USER_PATHS = NO;
				CLANG_ANALYZER_NONNULL = YES;
				CLANG_ANALYZER_NUMBER_OBJECT_CONVERSION = YES_AGGRESSIVE;
				CLANG_CXX_LANGUAGE_STANDARD = "gnu++20";
				CLANG_ENABLE_MODULES = YES;
				CLANG_ENABLE_OBJC_ARC = YES;
				CLANG_ENABLE_OBJC_WEAK = YES;
				CLANG_WARN_BLOCK_CAPTURE_AUTORELEASING = YES;
				CLANG_WARN_BOOL_CONVERSION = YES;
				CLANG_WARN_COMMA = YES;
				CLANG_WARN_CONSTANT_CONVERSION = YES;
				CLANG_WARN_DEPRECATED_OBJC_IMPLEMENTATIONS = YES;
				CLANG_WARN_DIRECT_OBJC_ISA_USAGE = YES_ERROR;
				CLANG_WARN_DOCUMENTATION_COMMENTS = YES;
				CLANG_WARN_EMPTY_BODY = YES;
				CLANG_WARN_ENUM_CONVERSION = YES;
				CLANG_WARN_INFINITE_RECURSION = YES;
				CLANG_WARN_INT_CONVERSION = YES;
				CLANG_WARN_NON_LITERAL_NULL_CONVERSION = YES;
				CLANG_WARN_OBJC_IMPLICIT_RETAIN_SELF = YES;
				CLANG_WARN_OBJC_LITERAL_CONVERSION = YES;
				CLANG_WARN_OBJC_ROOT_CLASS = YES_ERROR;
				CLANG_WARN_QUOTED_INCLUDE_IN_FRAMEWORK_HEADER = YES;
				CLANG_WARN_RANGE_LOOP_ANALYSIS = YES;
				CLANG_WARN_STRICT_PROTOTYPES = YES;
				CLANG_WARN_SUSPICIOUS_MOVE = YES;
				CLANG_WARN_UNGUARDED_AVAILABILITY = YES_AGGRESSIVE;
				CLANG_WARN_UNREACHABLE_CODE = YES;
				CLANG_WARN__DUPLICATE_METHOD_MATCH = YES;
				COPY_PHASE_STRIP = NO;
				DEBUG_INFORMATION_FORMAT = dwarf;
				ENABLE_STRICT_OBJC_MSGSEND = YES;
				ENABLE_TESTABILITY = YES;
				GCC_C_LANGUAGE_STANDARD = gnu11;
				GCC_DYNAMIC_NO_PIC = NO;
				GCC_NO_COMMON_BLOCKS = YES;
				GCC_OPTIMIZATION_LEVEL = 0;
				GCC_PREPROCESSOR_DEFINITIONS = (
					"DEBUG=1",
					"$(inherited)",
				);
				GCC_WARN_64_TO_32_BIT_CONVERSION = YES;
				GCC_WARN_ABOUT_RETURN_TYPE = YES_ERROR;
				GCC_WARN_UNDECLARED_SELECTOR = YES;
				GCC_WARN_UNINITIALIZED_AUTOS = YES_AGGRESSIVE;
				GCC_WARN_UNUSED_FUNCTION = YES;
				GCC_WARN_UNUSED_VARIABLE = YES;
				IPHONEOS_DEPLOYMENT_TARGET = 16.0;
				MTL_ENABLE_DEBUG_INFO = INCLUDE_SOURCE;
				MTL_FAST_MATH = YES;
				ONLY_ACTIVE_ARCH = YES;
				SDKROOT = iphoneos;
				SWIFT_ACTIVE_COMPILATION_CONDITIONS = DEBUG;
				SWIFT_OPTIMIZATION_LEVEL = "-Onone";
			};
			name = Debug;
		};
		618D07FB2919AE7600415602 /* Release */ = {
			isa = XCBuildConfiguration;
			buildSettings = {
				ALWAYS_SEARCH_USER_PATHS = NO;
				CLANG_ANALYZER_NONNULL = YES;
				CLANG_ANALYZER_NUMBER_OBJECT_CONVERSION = YES_AGGRESSIVE;
				CLANG_CXX_LANGUAGE_STANDARD = "gnu++20";
				CLANG_ENABLE_MODULES = YES;
				CLANG_ENABLE_OBJC_ARC = YES;
				CLANG_ENABLE_OBJC_WEAK = YES;
				CLANG_WARN_BLOCK_CAPTURE_AUTORELEASING = YES;
				CLANG_WARN_BOOL_CONVERSION = YES;
				CLANG_WARN_COMMA = YES;
				CLANG_WARN_CONSTANT_CONVERSION = YES;
				CLANG_WARN_DEPRECATED_OBJC_IMPLEMENTATIONS = YES;
				CLANG_WARN_DIRECT_OBJC_ISA_USAGE = YES_ERROR;
				CLANG_WARN_DOCUMENTATION_COMMENTS = YES;
				CLANG_WARN_EMPTY_BODY = YES;
				CLANG_WARN_ENUM_CONVERSION = YES;
				CLANG_WARN_INFINITE_RECURSION = YES;
				CLANG_WARN_INT_CONVERSION = YES;
				CLANG_WARN_NON_LITERAL_NULL_CONVERSION = YES;
				CLANG_WARN_OBJC_IMPLICIT_RETAIN_SELF = YES;
				CLANG_WARN_OBJC_LITERAL_CONVERSION = YES;
				CLANG_WARN_OBJC_ROOT_CLASS = YES_ERROR;
				CLANG_WARN_QUOTED_INCLUDE_IN_FRAMEWORK_HEADER = YES;
				CLANG_WARN_RANGE_LOOP_ANALYSIS = YES;
				CLANG_WARN_STRICT_PROTOTYPES = YES;
				CLANG_WARN_SUSPICIOUS_MOVE = YES;
				CLANG_WARN_UNGUARDED_AVAILABILITY = YES_AGGRESSIVE;
				CLANG_WARN_UNREACHABLE_CODE = YES;
				CLANG_WARN__DUPLICATE_METHOD_MATCH = YES;
				COPY_PHASE_STRIP = NO;
				DEBUG_INFORMATION_FORMAT = "dwarf-with-dsym";
				ENABLE_NS_ASSERTIONS = NO;
				ENABLE_STRICT_OBJC_MSGSEND = YES;
				GCC_C_LANGUAGE_STANDARD = gnu11;
				GCC_NO_COMMON_BLOCKS = YES;
				GCC_WARN_64_TO_32_BIT_CONVERSION = YES;
				GCC_WARN_ABOUT_RETURN_TYPE = YES_ERROR;
				GCC_WARN_UNDECLARED_SELECTOR = YES;
				GCC_WARN_UNINITIALIZED_AUTOS = YES_AGGRESSIVE;
				GCC_WARN_UNUSED_FUNCTION = YES;
				GCC_WARN_UNUSED_VARIABLE = YES;
				IPHONEOS_DEPLOYMENT_TARGET = 16.0;
				MTL_ENABLE_DEBUG_INFO = NO;
				MTL_FAST_MATH = YES;
				SDKROOT = iphoneos;
				SWIFT_COMPILATION_MODE = wholemodule;
				SWIFT_OPTIMIZATION_LEVEL = "-O";
				VALIDATE_PRODUCT = YES;
			};
			name = Release;
		};
		618D07FD2919AE7600415602 /* Debug */ = {
			isa = XCBuildConfiguration;
			baseConfigurationReference = AEDDAEA9E77A4F2065E0574B /* Pods-mvvm-kit.debug.xcconfig */;
			buildSettings = {
				ASSETCATALOG_COMPILER_APPICON_NAME = AppIcon;
				ASSETCATALOG_COMPILER_GLOBAL_ACCENT_COLOR_NAME = AccentColor;
				CODE_SIGN_STYLE = Automatic;
				CURRENT_PROJECT_VERSION = 1;
				DEVELOPMENT_TEAM = SZ24TTUHBL;
				GENERATE_INFOPLIST_FILE = YES;
				INFOPLIST_FILE = "mvvm-kit/Info.plist";
				INFOPLIST_KEY_UIApplicationSupportsIndirectInputEvents = YES;
				INFOPLIST_KEY_UILaunchStoryboardName = LaunchScreen;
				INFOPLIST_KEY_UISupportedInterfaceOrientations = UIInterfaceOrientationPortrait;
				INFOPLIST_KEY_UISupportedInterfaceOrientations_iPad = "UIInterfaceOrientationLandscapeLeft UIInterfaceOrientationLandscapeRight UIInterfaceOrientationPortrait UIInterfaceOrientationPortraitUpsideDown";
				LD_RUNPATH_SEARCH_PATHS = (
					"$(inherited)",
					"@executable_path/Frameworks",
				);
				MARKETING_VERSION = 1.0;
				PRODUCT_BUNDLE_IDENTIFIER = "vladukha.mvvm-kit";
				PRODUCT_NAME = "$(TARGET_NAME)";
				SUPPORTED_PLATFORMS = "iphoneos iphonesimulator";
				SUPPORTS_MACCATALYST = NO;
				SUPPORTS_MAC_DESIGNED_FOR_IPHONE_IPAD = YES;
				SWIFT_EMIT_LOC_STRINGS = YES;
				SWIFT_VERSION = 5.0;
				TARGETED_DEVICE_FAMILY = 1;
			};
			name = Debug;
		};
		618D07FE2919AE7600415602 /* Release */ = {
			isa = XCBuildConfiguration;
			baseConfigurationReference = DA9D01C58170C5E7D06BEE45 /* Pods-mvvm-kit.release.xcconfig */;
			buildSettings = {
				ASSETCATALOG_COMPILER_APPICON_NAME = AppIcon;
				ASSETCATALOG_COMPILER_GLOBAL_ACCENT_COLOR_NAME = AccentColor;
				CODE_SIGN_STYLE = Automatic;
				CURRENT_PROJECT_VERSION = 1;
				DEVELOPMENT_TEAM = SZ24TTUHBL;
				GENERATE_INFOPLIST_FILE = YES;
				INFOPLIST_FILE = "mvvm-kit/Info.plist";
				INFOPLIST_KEY_UIApplicationSupportsIndirectInputEvents = YES;
				INFOPLIST_KEY_UILaunchStoryboardName = LaunchScreen;
				INFOPLIST_KEY_UISupportedInterfaceOrientations = UIInterfaceOrientationPortrait;
				INFOPLIST_KEY_UISupportedInterfaceOrientations_iPad = "UIInterfaceOrientationLandscapeLeft UIInterfaceOrientationLandscapeRight UIInterfaceOrientationPortrait UIInterfaceOrientationPortraitUpsideDown";
				LD_RUNPATH_SEARCH_PATHS = (
					"$(inherited)",
					"@executable_path/Frameworks",
				);
				MARKETING_VERSION = 1.0;
				PRODUCT_BUNDLE_IDENTIFIER = "vladukha.mvvm-kit";
				PRODUCT_NAME = "$(TARGET_NAME)";
				SUPPORTED_PLATFORMS = "iphoneos iphonesimulator";
				SUPPORTS_MACCATALYST = NO;
				SUPPORTS_MAC_DESIGNED_FOR_IPHONE_IPAD = YES;
				SWIFT_EMIT_LOC_STRINGS = YES;
				SWIFT_VERSION = 5.0;
				TARGETED_DEVICE_FAMILY = 1;
			};
			name = Release;
		};
/* End XCBuildConfiguration section */

/* Begin XCConfigurationList section */
		618D07E32919AE7300415602 /* Build configuration list for PBXProject "mvvm-kit" */ = {
			isa = XCConfigurationList;
			buildConfigurations = (
				618D07FA2919AE7600415602 /* Debug */,
				618D07FB2919AE7600415602 /* Release */,
			);
			defaultConfigurationIsVisible = 0;
			defaultConfigurationName = Release;
		};
		618D07FC2919AE7600415602 /* Build configuration list for PBXNativeTarget "mvvm-kit" */ = {
			isa = XCConfigurationList;
			buildConfigurations = (
				618D07FD2919AE7600415602 /* Debug */,
				618D07FE2919AE7600415602 /* Release */,
			);
			defaultConfigurationIsVisible = 0;
			defaultConfigurationName = Release;
		};
/* End XCConfigurationList section */
	};
	rootObject = 618D07E02919AE7300415602 /* Project object */;
}
